// !$*UTF8*$!
{
	archiveVersion = 1;
	classes = {
	};
	objectVersion = 46;
	objects = {

/* Begin PBXBuildFile section */
		7E00CA441552967E000B5945 /* UIKit.framework in Frameworks */ = {isa = PBXBuildFile; fileRef = 7E00CA431552967E000B5945 /* UIKit.framework */; };
		7E00CA461552967E000B5945 /* Foundation.framework in Frameworks */ = {isa = PBXBuildFile; fileRef = 7E00CA451552967E000B5945 /* Foundation.framework */; };
		7E00CA481552967E000B5945 /* CoreGraphics.framework in Frameworks */ = {isa = PBXBuildFile; fileRef = 7E00CA471552967E000B5945 /* CoreGraphics.framework */; };
		7E00CA4E1552967E000B5945 /* InfoPlist.strings in Resources */ = {isa = PBXBuildFile; fileRef = 7E00CA4C1552967E000B5945 /* InfoPlist.strings */; };
		7E00CA501552967E000B5945 /* main.m in Sources */ = {isa = PBXBuildFile; fileRef = 7E00CA4F1552967E000B5945 /* main.m */; };
		7E00CA541552967E000B5945 /* ESRKAppDelegate.m in Sources */ = {isa = PBXBuildFile; fileRef = 7E00CA531552967E000B5945 /* ESRKAppDelegate.m */; };
		7E00CA571552967E000B5945 /* MainStoryboard_iPhone.storyboard in Resources */ = {isa = PBXBuildFile; fileRef = 7E00CA551552967E000B5945 /* MainStoryboard_iPhone.storyboard */; };
		7E00CA5A1552967E000B5945 /* MainStoryboard_iPad.storyboard in Resources */ = {isa = PBXBuildFile; fileRef = 7E00CA581552967E000B5945 /* MainStoryboard_iPad.storyboard */; };
		7E00CA5D1552967E000B5945 /* ESRKViewController.m in Sources */ = {isa = PBXBuildFile; fileRef = 7E00CA5C1552967E000B5945 /* ESRKViewController.m */; };
/* End PBXBuildFile section */

/* Begin PBXFileReference section */
		7E00CA3F1552967E000B5945 /* ElasticSearchHeadIOS.app */ = {isa = PBXFileReference; explicitFileType = wrapper.application; includeInIndex = 0; path = ElasticSearchHeadIOS.app; sourceTree = BUILT_PRODUCTS_DIR; };
		7E00CA431552967E000B5945 /* UIKit.framework */ = {isa = PBXFileReference; lastKnownFileType = wrapper.framework; name = UIKit.framework; path = System/Library/Frameworks/UIKit.framework; sourceTree = SDKROOT; };
		7E00CA451552967E000B5945 /* Foundation.framework */ = {isa = PBXFileReference; lastKnownFileType = wrapper.framework; name = Foundation.framework; path = System/Library/Frameworks/Foundation.framework; sourceTree = SDKROOT; };
		7E00CA471552967E000B5945 /* CoreGraphics.framework */ = {isa = PBXFileReference; lastKnownFileType = wrapper.framework; name = CoreGraphics.framework; path = System/Library/Frameworks/CoreGraphics.framework; sourceTree = SDKROOT; };
		7E00CA4B1552967E000B5945 /* ElasticSearchHeadIOS-Info.plist */ = {isa = PBXFileReference; lastKnownFileType = text.plist.xml; path = "ElasticSearchHeadIOS-Info.plist"; sourceTree = "<group>"; };
		7E00CA4D1552967E000B5945 /* en */ = {isa = PBXFileReference; lastKnownFileType = text.plist.strings; name = en; path = en.lproj/InfoPlist.strings; sourceTree = "<group>"; };
		7E00CA4F1552967E000B5945 /* main.m */ = {isa = PBXFileReference; lastKnownFileType = sourcecode.c.objc; path = main.m; sourceTree = "<group>"; };
		7E00CA511552967E000B5945 /* ElasticSearchHeadIOS-Prefix.pch */ = {isa = PBXFileReference; lastKnownFileType = sourcecode.c.h; path = "ElasticSearchHeadIOS-Prefix.pch"; sourceTree = "<group>"; };
		7E00CA521552967E000B5945 /* ESRKAppDelegate.h */ = {isa = PBXFileReference; lastKnownFileType = sourcecode.c.h; path = ESRKAppDelegate.h; sourceTree = "<group>"; };
		7E00CA531552967E000B5945 /* ESRKAppDelegate.m */ = {isa = PBXFileReference; lastKnownFileType = sourcecode.c.objc; path = ESRKAppDelegate.m; sourceTree = "<group>"; };
		7E00CA561552967E000B5945 /* en */ = {isa = PBXFileReference; lastKnownFileType = file.storyboard; name = en; path = en.lproj/MainStoryboard_iPhone.storyboard; sourceTree = "<group>"; };
		7E00CA591552967E000B5945 /* en */ = {isa = PBXFileReference; lastKnownFileType = file.storyboard; name = en; path = en.lproj/MainStoryboard_iPad.storyboard; sourceTree = "<group>"; };
		7E00CA5B1552967E000B5945 /* ESRKViewController.h */ = {isa = PBXFileReference; lastKnownFileType = sourcecode.c.h; path = ESRKViewController.h; sourceTree = "<group>"; };
		7E00CA5C1552967E000B5945 /* ESRKViewController.m */ = {isa = PBXFileReference; lastKnownFileType = sourcecode.c.objc; path = ESRKViewController.m; sourceTree = "<group>"; };
/* End PBXFileReference section */

/* Begin PBXFrameworksBuildPhase section */
		7E00CA3C1552967E000B5945 /* Frameworks */ = {
			isa = PBXFrameworksBuildPhase;
			buildActionMask = 2147483647;
			files = (
				7E00CA441552967E000B5945 /* UIKit.framework in Frameworks */,
				7E00CA461552967E000B5945 /* Foundation.framework in Frameworks */,
				7E00CA481552967E000B5945 /* CoreGraphics.framework in Frameworks */,
			);
			runOnlyForDeploymentPostprocessing = 0;
		};
/* End PBXFrameworksBuildPhase section */

/* Begin PBXGroup section */
		7E00CA341552967E000B5945 = {
			isa = PBXGroup;
			children = (
				7E00CA491552967E000B5945 /* ElasticSearchHeadIOS */,
				7E00CA421552967E000B5945 /* Frameworks */,
				7E00CA401552967E000B5945 /* Products */,
			);
			sourceTree = "<group>";
		};
		7E00CA401552967E000B5945 /* Products */ = {
			isa = PBXGroup;
			children = (
				7E00CA3F1552967E000B5945 /* ElasticSearchHeadIOS.app */,
			);
			name = Products;
			sourceTree = "<group>";
		};
		7E00CA421552967E000B5945 /* Frameworks */ = {
			isa = PBXGroup;
			children = (
				7E00CA431552967E000B5945 /* UIKit.framework */,
				7E00CA451552967E000B5945 /* Foundation.framework */,
				7E00CA471552967E000B5945 /* CoreGraphics.framework */,
			);
			name = Frameworks;
			sourceTree = "<group>";
		};
		7E00CA491552967E000B5945 /* ElasticSearchHeadIOS */ = {
			isa = PBXGroup;
			children = (
				7E00CA521552967E000B5945 /* ESRKAppDelegate.h */,
				7E00CA531552967E000B5945 /* ESRKAppDelegate.m */,
				7E00CA551552967E000B5945 /* MainStoryboard_iPhone.storyboard */,
				7E00CA581552967E000B5945 /* MainStoryboard_iPad.storyboard */,
				7E00CA5B1552967E000B5945 /* ESRKViewController.h */,
				7E00CA5C1552967E000B5945 /* ESRKViewController.m */,
				7E00CA4A1552967E000B5945 /* Supporting Files */,
			);
			path = ElasticSearchHeadIOS;
			sourceTree = "<group>";
		};
		7E00CA4A1552967E000B5945 /* Supporting Files */ = {
			isa = PBXGroup;
			children = (
				7E00CA4B1552967E000B5945 /* ElasticSearchHeadIOS-Info.plist */,
				7E00CA4C1552967E000B5945 /* InfoPlist.strings */,
				7E00CA4F1552967E000B5945 /* main.m */,
				7E00CA511552967E000B5945 /* ElasticSearchHeadIOS-Prefix.pch */,
			);
			name = "Supporting Files";
			sourceTree = "<group>";
		};
/* End PBXGroup section */

/* Begin PBXNativeTarget section */
		7E00CA3E1552967E000B5945 /* ElasticSearchHeadIOS */ = {
			isa = PBXNativeTarget;
			buildConfigurationList = 7E00CA601552967E000B5945 /* Build configuration list for PBXNativeTarget "ElasticSearchHeadIOS" */;
			buildPhases = (
				7E00CA3B1552967E000B5945 /* Sources */,
				7E00CA3C1552967E000B5945 /* Frameworks */,
				7E00CA3D1552967E000B5945 /* Resources */,
			);
			buildRules = (
			);
			dependencies = (
			);
			name = ElasticSearchHeadIOS;
			productName = ElasticSearchHeadIOS;
			productReference = 7E00CA3F1552967E000B5945 /* ElasticSearchHeadIOS.app */;
			productType = "com.apple.product-type.application";
		};
/* End PBXNativeTarget section */

/* Begin PBXProject section */
		7E00CA361552967E000B5945 /* Project object */ = {
			isa = PBXProject;
			attributes = {
				CLASSPREFIX = ESRK;
				LastUpgradeCheck = 0430;
			};
			buildConfigurationList = 7E00CA391552967E000B5945 /* Build configuration list for PBXProject "ElasticSearchHeadIOS" */;
			compatibilityVersion = "Xcode 3.2";
			developmentRegion = English;
			hasScannedForEncodings = 0;
			knownRegions = (
				en,
			);
			mainGroup = 7E00CA341552967E000B5945;
			productRefGroup = 7E00CA401552967E000B5945 /* Products */;
			projectDirPath = "";
			projectRoot = "";
			targets = (
				7E00CA3E1552967E000B5945 /* ElasticSearchHeadIOS */,
			);
		};
/* End PBXProject section */

/* Begin PBXResourcesBuildPhase section */
		7E00CA3D1552967E000B5945 /* Resources */ = {
			isa = PBXResourcesBuildPhase;
			buildActionMask = 2147483647;
			files = (
				7E00CA4E1552967E000B5945 /* InfoPlist.strings in Resources */,
				7E00CA571552967E000B5945 /* MainStoryboard_iPhone.storyboard in Resources */,
				7E00CA5A1552967E000B5945 /* MainStoryboard_iPad.storyboard in Resources */,
			);
			runOnlyForDeploymentPostprocessing = 0;
		};
/* End PBXResourcesBuildPhase section */

/* Begin PBXSourcesBuildPhase section */
		7E00CA3B1552967E000B5945 /* Sources */ = {
			isa = PBXSourcesBuildPhase;
			buildActionMask = 2147483647;
			files = (
				7E00CA501552967E000B5945 /* main.m in Sources */,
				7E00CA541552967E000B5945 /* ESRKAppDelegate.m in Sources */,
				7E00CA5D1552967E000B5945 /* ESRKViewController.m in Sources */,
			);
			runOnlyForDeploymentPostprocessing = 0;
		};
/* End PBXSourcesBuildPhase section */

/* Begin PBXVariantGroup section */
		7E00CA4C1552967E000B5945 /* InfoPlist.strings */ = {
			isa = PBXVariantGroup;
			children = (
				7E00CA4D1552967E000B5945 /* en */,
			);
			name = InfoPlist.strings;
			sourceTree = "<group>";
		};
		7E00CA551552967E000B5945 /* MainStoryboard_iPhone.storyboard */ = {
			isa = PBXVariantGroup;
			children = (
				7E00CA561552967E000B5945 /* en */,
			);
			name = MainStoryboard_iPhone.storyboard;
			sourceTree = "<group>";
		};
		7E00CA581552967E000B5945 /* MainStoryboard_iPad.storyboard */ = {
			isa = PBXVariantGroup;
			children = (
				7E00CA591552967E000B5945 /* en */,
			);
			name = MainStoryboard_iPad.storyboard;
			sourceTree = "<group>";
		};
/* End PBXVariantGroup section */

/* Begin XCBuildConfiguration section */
		7E00CA5E1552967E000B5945 /* Debug */ = {
			isa = XCBuildConfiguration;
			buildSettings = {
				ALWAYS_SEARCH_USER_PATHS = NO;
				ARCHS = "$(ARCHS_STANDARD_32_BIT)";
				CLANG_ENABLE_OBJC_ARC = YES;
				"CODE_SIGN_IDENTITY[sdk=iphoneos*]" = "iPhone Developer";
				COPY_PHASE_STRIP = NO;
				GCC_C_LANGUAGE_STANDARD = gnu99;
				GCC_DYNAMIC_NO_PIC = NO;
				GCC_OPTIMIZATION_LEVEL = 0;
				GCC_PREPROCESSOR_DEFINITIONS = (
					"DEBUG=1",
					"$(inherited)",
				);
				GCC_SYMBOLS_PRIVATE_EXTERN = NO;
				GCC_VERSION = com.apple.compilers.llvm.clang.1_0;
				GCC_WARN_ABOUT_RETURN_TYPE = YES;
				GCC_WARN_UNINITIALIZED_AUTOS = YES;
				GCC_WARN_UNUSED_VARIABLE = YES;
				IPHONEOS_DEPLOYMENT_TARGET = 5.1;
				SDKROOT = iphoneos;
				TARGETED_DEVICE_FAMILY = "1,2";
			};
			name = Debug;
		};
		7E00CA5F1552967E000B5945 /* Release */ = {
			isa = XCBuildConfiguration;
			buildSettings = {
				ALWAYS_SEARCH_USER_PATHS = NO;
				ARCHS = "$(ARCHS_STANDARD_32_BIT)";
				CLANG_ENABLE_OBJC_ARC = YES;
				"CODE_SIGN_IDENTITY[sdk=iphoneos*]" = "iPhone Developer";
				COPY_PHASE_STRIP = YES;
				GCC_C_LANGUAGE_STANDARD = gnu99;
				GCC_VERSION = com.apple.compilers.llvm.clang.1_0;
				GCC_WARN_ABOUT_RETURN_TYPE = YES;
				GCC_WARN_UNINITIALIZED_AUTOS = YES;
				GCC_WARN_UNUSED_VARIABLE = YES;
				IPHONEOS_DEPLOYMENT_TARGET = 5.1;
				OTHER_CFLAGS = "-DNS_BLOCK_ASSERTIONS=1";
				SDKROOT = iphoneos;
				TARGETED_DEVICE_FAMILY = "1,2";
				VALIDATE_PRODUCT = YES;
			};
			name = Release;
		};
		7E00CA611552967E000B5945 /* Debug */ = {
			isa = XCBuildConfiguration;
			buildSettings = {
				GCC_PRECOMPILE_PREFIX_HEADER = YES;
				GCC_PREFIX_HEADER = "ElasticSearchHeadIOS/ElasticSearchHeadIOS-Prefix.pch";
				INFOPLIST_FILE = "ElasticSearchHeadIOS/ElasticSearchHeadIOS-Info.plist";
				PRODUCT_NAME = "$(TARGET_NAME)";
				TARGETED_DEVICE_FAMILY = 1;
				WRAPPER_EXTENSION = app;
			};
			name = Debug;
		};
		7E00CA621552967E000B5945 /* Release */ = {
			isa = XCBuildConfiguration;
			buildSettings = {
				GCC_PRECOMPILE_PREFIX_HEADER = YES;
				GCC_PREFIX_HEADER = "ElasticSearchHeadIOS/ElasticSearchHeadIOS-Prefix.pch";
				INFOPLIST_FILE = "ElasticSearchHeadIOS/ElasticSearchHeadIOS-Info.plist";
				PRODUCT_NAME = "$(TARGET_NAME)";
				TARGETED_DEVICE_FAMILY = 1;
				WRAPPER_EXTENSION = app;
			};
			name = Release;
		};
/* End XCBuildConfiguration section */

/* Begin XCConfigurationList section */
		7E00CA391552967E000B5945 /* Build configuration list for PBXProject "ElasticSearchHeadIOS" */ = {
			isa = XCConfigurationList;
			buildConfigurations = (
				7E00CA5E1552967E000B5945 /* Debug */,
				7E00CA5F1552967E000B5945 /* Release */,
			);
			defaultConfigurationIsVisible = 0;
			defaultConfigurationName = Release;
		};
		7E00CA601552967E000B5945 /* Build configuration list for PBXNativeTarget "ElasticSearchHeadIOS" */ = {
			isa = XCConfigurationList;
			buildConfigurations = (
				7E00CA611552967E000B5945 /* Debug */,
				7E00CA621552967E000B5945 /* Release */,
			);
			defaultConfigurationIsVisible = 0;
		};
/* End XCConfigurationList section */
	};
	rootObject = 7E00CA361552967E000B5945 /* Project object */;
}
